
Microsoft Visual Studio Solution File, Format Version 12.00
Project("{FAE04EC0-301F-11D3-BF4B-00C04F79EFBC}") = "SystemProgramming4", "SystemProgramming4\SystemProgramming4.csproj", "{31DFD77B-E48C-4375-911C-1ADB1DB6DAAC}"
EndProject
Global
	GlobalSection(SolutionConfigurationPlatforms) = preSolution
		Debug|Any CPU = Debug|Any CPU
		Release|Any CPU = Release|Any CPU
	EndGlobalSection
	GlobalSection(ProjectConfigurationPlatforms) = postSolution
		{31DFD77B-E48C-4375-911C-1ADB1DB6DAAC}.Debug|Any CPU.ActiveCfg = Debug|Any CPU
		{31DFD77B-E48C-4375-911C-1ADB1DB6DAAC}.Debug|Any CPU.Build.0 = Debug|Any CPU
		{31DFD77B-E48C-4375-911C-1ADB1DB6DAAC}.Release|Any CPU.ActiveCfg = Release|Any CPU
		{31DFD77B-E48C-4375-911C-1ADB1DB6DAAC}.Release|Any CPU.Build.0 = Release|Any CPU
	EndGlobalSection
EndGlobal
